
Microsoft Visual Studio Solution File, Format Version 12.00
# Visual Studio 15
VisualStudioVersion = 15.0.26228.9
MinimumVisualStudioVersion = 10.0.40219.1
Project("{FAE04EC0-301F-11D3-BF4B-00C04F79EFBC}") = "wall-e-GUI", "wall-e-GUI\wall-e-GUI.csproj", "{4966A15C-E06D-4EA1-B915-5DCAC365D392}"
EndProject
Project("{FAE04EC0-301F-11D3-BF4B-00C04F79EFBC}") = "wall-e-API", "..\..\wall-e-API\wall-e-API\wall-e-API\wall-e-API.csproj", "{6F6B8AE4-A4E4-478F-878A-8129EF23953A}"
EndProject
Global
	GlobalSection(SolutionConfigurationPlatforms) = preSolution
		Debug|Any CPU = Debug|Any CPU
		Release|Any CPU = Release|Any CPU
	EndGlobalSection
	GlobalSection(ProjectConfigurationPlatforms) = postSolution
		{4966A15C-E06D-4EA1-B915-5DCAC365D392}.Debug|Any CPU.ActiveCfg = Debug|Any CPU
		{4966A15C-E06D-4EA1-B915-5DCAC365D392}.Debug|Any CPU.Build.0 = Debug|Any CPU
		{4966A15C-E06D-4EA1-B915-5DCAC365D392}.Release|Any CPU.ActiveCfg = Release|Any CPU
		{4966A15C-E06D-4EA1-B915-5DCAC365D392}.Release|Any CPU.Build.0 = Release|Any CPU
		{6F6B8AE4-A4E4-478F-878A-8129EF23953A}.Debug|Any CPU.ActiveCfg = Debug|Any CPU
		{6F6B8AE4-A4E4-478F-878A-8129EF23953A}.Debug|Any CPU.Build.0 = Debug|Any CPU
		{6F6B8AE4-A4E4-478F-878A-8129EF23953A}.Release|Any CPU.ActiveCfg = Release|Any CPU
		{6F6B8AE4-A4E4-478F-878A-8129EF23953A}.Release|Any CPU.Build.0 = Release|Any CPU
	EndGlobalSection
	GlobalSection(SolutionProperties) = preSolution
		HideSolutionNode = FALSE
	EndGlobalSection
EndGlobal
